// !$*UTF8*$!
{
	archiveVersion = 1;
	classes = {
	};
	objectVersion = 56;
	objects = {

/* Begin PBXBuildFile section */
		850D6CB92BB985B90010DEC4 /* AppDelegate.swift in Sources */ = {isa = PBXBuildFile; fileRef = 850D6CB82BB985B90010DEC4 /* AppDelegate.swift */; };
		850D6CBB2BB985B90010DEC4 /* SceneDelegate.swift in Sources */ = {isa = PBXBuildFile; fileRef = 850D6CBA2BB985B90010DEC4 /* SceneDelegate.swift */; };
		850D6CBD2BB985B90010DEC4 /* StartingViewController.swift in Sources */ = {isa = PBXBuildFile; fileRef = 850D6CBC2BB985B90010DEC4 /* StartingViewController.swift */; };
		850D6CC22BB985BA0010DEC4 /* Assets.xcassets in Resources */ = {isa = PBXBuildFile; fileRef = 850D6CC12BB985BA0010DEC4 /* Assets.xcassets */; };
		850D6CC52BB985BA0010DEC4 /* LaunchScreen.storyboard in Resources */ = {isa = PBXBuildFile; fileRef = 850D6CC32BB985BA0010DEC4 /* LaunchScreen.storyboard */; };
		850D6CD02BB986200010DEC4 /* Extension + uicolor.swift in Sources */ = {isa = PBXBuildFile; fileRef = 850D6CCF2BB986200010DEC4 /* Extension + uicolor.swift */; };
		850D6CD42BB986D90010DEC4 /* StartingView.swift in Sources */ = {isa = PBXBuildFile; fileRef = 850D6CD32BB986D90010DEC4 /* StartingView.swift */; };
		852872B82BBC09DD0062F434 /* AutorizationView.swift in Sources */ = {isa = PBXBuildFile; fileRef = 852872B72BBC09DD0062F434 /* AutorizationView.swift */; };
		852872BA2BBC12260062F434 /* AutorizationViewController.swift in Sources */ = {isa = PBXBuildFile; fileRef = 852872B92BBC12260062F434 /* AutorizationViewController.swift */; };
		85E21D162BC56B580011AF5E /* GoogleService-Info.plist in Resources */ = {isa = PBXBuildFile; fileRef = 85E21D152BC56B580011AF5E /* GoogleService-Info.plist */; };
		85E21D2B2BC7B8030011AF5E /* HomeModel.swift in Sources */ = {isa = PBXBuildFile; fileRef = 85E21D2A2BC7B8030011AF5E /* HomeModel.swift */; };
		85E21D2D2BC7B8160011AF5E /* HomeViewController.swift in Sources */ = {isa = PBXBuildFile; fileRef = 85E21D2C2BC7B8160011AF5E /* HomeViewController.swift */; };
		85E21D312BC7B8360011AF5E /* HomeCollectionViewCell.swift in Sources */ = {isa = PBXBuildFile; fileRef = 85E21D302BC7B8360011AF5E /* HomeCollectionViewCell.swift */; };
		85E21D352BC7B8E60011AF5E /* TopCollectionViewCell.swift in Sources */ = {isa = PBXBuildFile; fileRef = 85E21D342BC7B8E60011AF5E /* TopCollectionViewCell.swift */; };
		85E21D382BC7B91B0011AF5E /* HomeTabBarController.swift in Sources */ = {isa = PBXBuildFile; fileRef = 85E21D372BC7B91B0011AF5E /* HomeTabBarController.swift */; };
		85E21D3B2BC7B9B70011AF5E /* StorageViewController.swift in Sources */ = {isa = PBXBuildFile; fileRef = 85E21D3A2BC7B9B70011AF5E /* StorageViewController.swift */; };
		85E21D3E2BC7B9FB0011AF5E /* CompassViewController.swift in Sources */ = {isa = PBXBuildFile; fileRef = 85E21D3D2BC7B9FB0011AF5E /* CompassViewController.swift */; };
		85E21D412BC7BA950011AF5E /* MoreViewController.swift in Sources */ = {isa = PBXBuildFile; fileRef = 85E21D402BC7BA950011AF5E /* MoreViewController.swift */; };
		85E21D442BC7BC3C0011AF5E /* ScannerViewController.swift in Sources */ = {isa = PBXBuildFile; fileRef = 85E21D432BC7BC3C0011AF5E /* ScannerViewController.swift */; };
		85E21D462BC7C4AB0011AF5E /* ExtensionUiColorTabBar.swift in Sources */ = {isa = PBXBuildFile; fileRef = 85E21D452BC7C4AB0011AF5E /* ExtensionUiColorTabBar.swift */; };
		85E21D4A2BC7CD830011AF5E /* JSONParser.swift in Sources */ = {isa = PBXBuildFile; fileRef = 85E21D492BC7CD830011AF5E /* JSONParser.swift */; };
		85E21D4D2BC7CE170011AF5E /* Person.swift in Sources */ = {isa = PBXBuildFile; fileRef = 85E21D4C2BC7CE170011AF5E /* Person.swift */; };
		85E21D632BC832410011AF5E /* SmsViewController.swift in Sources */ = {isa = PBXBuildFile; fileRef = 85E21D622BC832410011AF5E /* SmsViewController.swift */; };
		85E21D652BC838660011AF5E /* SmsView.swift in Sources */ = {isa = PBXBuildFile; fileRef = 85E21D642BC838660011AF5E /* SmsView.swift */; };
/* End PBXBuildFile section */

/* Begin PBXFileReference section */
		850D6CB52BB985B90010DEC4 /* myCoffeeHouseProject.app */ = {isa = PBXFileReference; explicitFileType = wrapper.application; includeInIndex = 0; path = myCoffeeHouseProject.app; sourceTree = BUILT_PRODUCTS_DIR; };
		850D6CB82BB985B90010DEC4 /* AppDelegate.swift */ = {isa = PBXFileReference; lastKnownFileType = sourcecode.swift; path = AppDelegate.swift; sourceTree = "<group>"; };
		850D6CBA2BB985B90010DEC4 /* SceneDelegate.swift */ = {isa = PBXFileReference; lastKnownFileType = sourcecode.swift; path = SceneDelegate.swift; sourceTree = "<group>"; };
		850D6CBC2BB985B90010DEC4 /* StartingViewController.swift */ = {isa = PBXFileReference; lastKnownFileType = sourcecode.swift; path = StartingViewController.swift; sourceTree = "<group>"; };
		850D6CC12BB985BA0010DEC4 /* Assets.xcassets */ = {isa = PBXFileReference; lastKnownFileType = folder.assetcatalog; path = Assets.xcassets; sourceTree = "<group>"; };
		850D6CC42BB985BA0010DEC4 /* Base */ = {isa = PBXFileReference; lastKnownFileType = file.storyboard; name = Base; path = Base.lproj/LaunchScreen.storyboard; sourceTree = "<group>"; };
		850D6CC62BB985BA0010DEC4 /* Info.plist */ = {isa = PBXFileReference; lastKnownFileType = text.plist.xml; path = Info.plist; sourceTree = "<group>"; };
		850D6CCF2BB986200010DEC4 /* Extension + uicolor.swift */ = {isa = PBXFileReference; lastKnownFileType = sourcecode.swift; path = "Extension + uicolor.swift"; sourceTree = "<group>"; };
		850D6CD32BB986D90010DEC4 /* StartingView.swift */ = {isa = PBXFileReference; lastKnownFileType = sourcecode.swift; path = StartingView.swift; sourceTree = "<group>"; };
		852872B72BBC09DD0062F434 /* AutorizationView.swift */ = {isa = PBXFileReference; lastKnownFileType = sourcecode.swift; path = AutorizationView.swift; sourceTree = "<group>"; };
		852872B92BBC12260062F434 /* AutorizationViewController.swift */ = {isa = PBXFileReference; lastKnownFileType = sourcecode.swift; path = AutorizationViewController.swift; sourceTree = "<group>"; };
		85E21D152BC56B580011AF5E /* GoogleService-Info.plist */ = {isa = PBXFileReference; fileEncoding = 4; lastKnownFileType = text.plist.xml; name = "GoogleService-Info.plist"; path = "../../../../Downloads/GoogleService-Info.plist"; sourceTree = "<group>"; };
		85E21D2A2BC7B8030011AF5E /* HomeModel.swift */ = {isa = PBXFileReference; lastKnownFileType = sourcecode.swift; name = HomeModel.swift; path = ../../../../../Documents/HomeModel.swift; sourceTree = "<group>"; };
		85E21D2C2BC7B8160011AF5E /* HomeViewController.swift */ = {isa = PBXFileReference; lastKnownFileType = sourcecode.swift; name = HomeViewController.swift; path = ../../../../../Documents/HomeViewController.swift; sourceTree = "<group>"; };
		85E21D302BC7B8360011AF5E /* HomeCollectionViewCell.swift */ = {isa = PBXFileReference; lastKnownFileType = sourcecode.swift; path = HomeCollectionViewCell.swift; sourceTree = "<group>"; };
		85E21D342BC7B8E60011AF5E /* TopCollectionViewCell.swift */ = {isa = PBXFileReference; lastKnownFileType = sourcecode.swift; path = TopCollectionViewCell.swift; sourceTree = "<group>"; };
		85E21D372BC7B91B0011AF5E /* HomeTabBarController.swift */ = {isa = PBXFileReference; lastKnownFileType = sourcecode.swift; path = HomeTabBarController.swift; sourceTree = "<group>"; };
		85E21D3A2BC7B9B70011AF5E /* StorageViewController.swift */ = {isa = PBXFileReference; lastKnownFileType = sourcecode.swift; path = StorageViewController.swift; sourceTree = "<group>"; };
		85E21D3D2BC7B9FB0011AF5E /* CompassViewController.swift */ = {isa = PBXFileReference; lastKnownFileType = sourcecode.swift; path = CompassViewController.swift; sourceTree = "<group>"; };
		85E21D402BC7BA950011AF5E /* MoreViewController.swift */ = {isa = PBXFileReference; lastKnownFileType = sourcecode.swift; path = MoreViewController.swift; sourceTree = "<group>"; };
		85E21D432BC7BC3C0011AF5E /* ScannerViewController.swift */ = {isa = PBXFileReference; lastKnownFileType = sourcecode.swift; path = ScannerViewController.swift; sourceTree = "<group>"; };
		85E21D452BC7C4AB0011AF5E /* ExtensionUiColorTabBar.swift */ = {isa = PBXFileReference; lastKnownFileType = sourcecode.swift; path = ExtensionUiColorTabBar.swift; sourceTree = "<group>"; };
		85E21D492BC7CD830011AF5E /* JSONParser.swift */ = {isa = PBXFileReference; lastKnownFileType = sourcecode.swift; path = JSONParser.swift; sourceTree = "<group>"; };
		85E21D4C2BC7CE170011AF5E /* Person.swift */ = {isa = PBXFileReference; lastKnownFileType = sourcecode.swift; path = Person.swift; sourceTree = "<group>"; };
		85E21D622BC832410011AF5E /* SmsViewController.swift */ = {isa = PBXFileReference; lastKnownFileType = sourcecode.swift; path = SmsViewController.swift; sourceTree = "<group>"; };
		85E21D642BC838660011AF5E /* SmsView.swift */ = {isa = PBXFileReference; lastKnownFileType = sourcecode.swift; path = SmsView.swift; sourceTree = "<group>"; };
/* End PBXFileReference section */

/* Begin PBXFrameworksBuildPhase section */
		850D6CB22BB985B90010DEC4 /* Frameworks */ = {
			isa = PBXFrameworksBuildPhase;
			buildActionMask = 2147483647;
			files = (
			);
			runOnlyForDeploymentPostprocessing = 0;
		};
/* End PBXFrameworksBuildPhase section */

/* Begin PBXGroup section */
		850D6CAC2BB985B90010DEC4 = {
			isa = PBXGroup;
			children = (
				850D6CB72BB985B90010DEC4 /* myCoffeeHouseProject */,
				850D6CB62BB985B90010DEC4 /* Products */,
			);
			sourceTree = "<group>";
		};
		850D6CB62BB985B90010DEC4 /* Products */ = {
			isa = PBXGroup;
			children = (
				850D6CB52BB985B90010DEC4 /* myCoffeeHouseProject.app */,
			);
			name = Products;
			sourceTree = "<group>";
		};
		850D6CB72BB985B90010DEC4 /* myCoffeeHouseProject */ = {
			isa = PBXGroup;
			children = (
				850D6CD12BB986510010DEC4 /* Delegates */,
				850D6CD22BB986860010DEC4 /* Modules */,
				850D6CCE2BB985FA0010DEC4 /* SupportFiles */,
				85246FC62BBEA8F4009B0F41 /* Recourse */,
				850D6CC62BB985BA0010DEC4 /* Info.plist */,
			);
			path = myCoffeeHouseProject;
			sourceTree = "<group>";
		};
		850D6CCE2BB985FA0010DEC4 /* SupportFiles */ = {
			isa = PBXGroup;
			children = (
				850D6CCF2BB986200010DEC4 /* Extension + uicolor.swift */,
			);
			path = SupportFiles;
			sourceTree = "<group>";
		};
		850D6CD12BB986510010DEC4 /* Delegates */ = {
			isa = PBXGroup;
			children = (
				850D6CB82BB985B90010DEC4 /* AppDelegate.swift */,
				850D6CBA2BB985B90010DEC4 /* SceneDelegate.swift */,
			);
			path = Delegates;
			sourceTree = "<group>";
		};
		850D6CD22BB986860010DEC4 /* Modules */ = {
			isa = PBXGroup;
			children = (
				85E21D612BC8322B0011AF5E /* Sms */,
				85E21D4B2BC7CE000011AF5E /* DTO */,
				85E21D422BC7BC250011AF5E /* Scanner */,
				85E21D3F2BC7BA870011AF5E /* More */,
				85E21D3C2BC7B9ED0011AF5E /* Compass */,
				85E21D392BC7B9710011AF5E /* Storage */,
				852872B32BBC07E50062F434 /* Startings */,
				852872B62BBC08190062F434 /* Autorizations */,
				852872BB2BBC18870062F434 /* Home */,
			);
			path = Modules;
			sourceTree = "<group>";
		};
		85246FC62BBEA8F4009B0F41 /* Recourse */ = {
			isa = PBXGroup;
			children = (
				85E21D152BC56B580011AF5E /* GoogleService-Info.plist */,
				850D6CC12BB985BA0010DEC4 /* Assets.xcassets */,
				850D6CC32BB985BA0010DEC4 /* LaunchScreen.storyboard */,
			);
			path = Recourse;
			sourceTree = "<group>";
		};
		852872B32BBC07E50062F434 /* Startings */ = {
			isa = PBXGroup;
			children = (
				850D6CD32BB986D90010DEC4 /* StartingView.swift */,
				850D6CBC2BB985B90010DEC4 /* StartingViewController.swift */,
			);
			path = Startings;
			sourceTree = "<group>";
		};
		852872B62BBC08190062F434 /* Autorizations */ = {
			isa = PBXGroup;
			children = (
				852872B72BBC09DD0062F434 /* AutorizationView.swift */,
				852872B92BBC12260062F434 /* AutorizationViewController.swift */,
			);
			path = Autorizations;
			sourceTree = "<group>";
		};
		852872BB2BBC18870062F434 /* Home */ = {
			isa = PBXGroup;
			children = (
				85E21D2C2BC7B8160011AF5E /* HomeViewController.swift */,
				85E21D302BC7B8360011AF5E /* HomeCollectionViewCell.swift */,
				85E21D342BC7B8E60011AF5E /* TopCollectionViewCell.swift */,
				85E21D2A2BC7B8030011AF5E /* HomeModel.swift */,
				85E21D362BC7B8F90011AF5E /* TabBar */,
			);
			path = Home;
			sourceTree = "<group>";
		};
		85E21D362BC7B8F90011AF5E /* TabBar */ = {
			isa = PBXGroup;
			children = (
				85E21D372BC7B91B0011AF5E /* HomeTabBarController.swift */,
				85E21D452BC7C4AB0011AF5E /* ExtensionUiColorTabBar.swift */,
			);
			path = TabBar;
			sourceTree = "<group>";
		};
		85E21D392BC7B9710011AF5E /* Storage */ = {
			isa = PBXGroup;
			children = (
				85E21D3A2BC7B9B70011AF5E /* StorageViewController.swift */,
			);
			path = Storage;
			sourceTree = "<group>";
		};
		85E21D3C2BC7B9ED0011AF5E /* Compass */ = {
			isa = PBXGroup;
			children = (
				85E21D3D2BC7B9FB0011AF5E /* CompassViewController.swift */,
			);
			path = Compass;
			sourceTree = "<group>";
		};
		85E21D3F2BC7BA870011AF5E /* More */ = {
			isa = PBXGroup;
			children = (
				85E21D402BC7BA950011AF5E /* MoreViewController.swift */,
			);
			path = More;
			sourceTree = "<group>";
		};
		85E21D422BC7BC250011AF5E /* Scanner */ = {
			isa = PBXGroup;
			children = (
				85E21D432BC7BC3C0011AF5E /* ScannerViewController.swift */,
			);
			path = Scanner;
			sourceTree = "<group>";
		};
		85E21D4B2BC7CE000011AF5E /* DTO */ = {
			isa = PBXGroup;
			children = (
				85E21D4C2BC7CE170011AF5E /* Person.swift */,
				85E21D492BC7CD830011AF5E /* JSONParser.swift */,
			);
			path = DTO;
			sourceTree = "<group>";
		};
		85E21D612BC8322B0011AF5E /* Sms */ = {
			isa = PBXGroup;
			children = (
				85E21D622BC832410011AF5E /* SmsViewController.swift */,
				85E21D642BC838660011AF5E /* SmsView.swift */,
			);
			path = Sms;
			sourceTree = "<group>";
		};
/* End PBXGroup section */

/* Begin PBXNativeTarget section */
		850D6CB42BB985B90010DEC4 /* myCoffeeHouseProject */ = {
			isa = PBXNativeTarget;
			buildConfigurationList = 850D6CC92BB985BA0010DEC4 /* Build configuration list for PBXNativeTarget "myCoffeeHouseProject" */;
			buildPhases = (
				850D6CB12BB985B90010DEC4 /* Sources */,
				850D6CB22BB985B90010DEC4 /* Frameworks */,
				850D6CB32BB985B90010DEC4 /* Resources */,
			);
			buildRules = (
			);
			dependencies = (
			);
			name = myCoffeeHouseProject;
			productName = myCoffeeHouseProject;
			productReference = 850D6CB52BB985B90010DEC4 /* myCoffeeHouseProject.app */;
			productType = "com.apple.product-type.application";
		};
/* End PBXNativeTarget section */

/* Begin PBXProject section */
		850D6CAD2BB985B90010DEC4 /* Project object */ = {
			isa = PBXProject;
			attributes = {
				BuildIndependentTargetsInParallel = 1;
				LastSwiftUpdateCheck = 1520;
				LastUpgradeCheck = 1520;
				TargetAttributes = {
					850D6CB42BB985B90010DEC4 = {
						CreatedOnToolsVersion = 15.2;
					};
				};
			};
			buildConfigurationList = 850D6CB02BB985B90010DEC4 /* Build configuration list for PBXProject "myCoffeeHouseProject" */;
			compatibilityVersion = "Xcode 14.0";
			developmentRegion = en;
			hasScannedForEncodings = 0;
			knownRegions = (
				en,
				Base,
			);
			mainGroup = 850D6CAC2BB985B90010DEC4;
			productRefGroup = 850D6CB62BB985B90010DEC4 /* Products */;
			projectDirPath = "";
			projectRoot = "";
			targets = (
				850D6CB42BB985B90010DEC4 /* myCoffeeHouseProject */,
			);
		};
/* End PBXProject section */

/* Begin PBXResourcesBuildPhase section */
		850D6CB32BB985B90010DEC4 /* Resources */ = {
			isa = PBXResourcesBuildPhase;
			buildActionMask = 2147483647;
			files = (
				850D6CC52BB985BA0010DEC4 /* LaunchScreen.storyboard in Resources */,
				850D6CC22BB985BA0010DEC4 /* Assets.xcassets in Resources */,
				85E21D162BC56B580011AF5E /* GoogleService-Info.plist in Resources */,
			);
			runOnlyForDeploymentPostprocessing = 0;
		};
/* End PBXResourcesBuildPhase section */

/* Begin PBXSourcesBuildPhase section */
		850D6CB12BB985B90010DEC4 /* Sources */ = {
			isa = PBXSourcesBuildPhase;
			buildActionMask = 2147483647;
			files = (
				85E21D412BC7BA950011AF5E /* MoreViewController.swift in Sources */,
				85E21D462BC7C4AB0011AF5E /* ExtensionUiColorTabBar.swift in Sources */,
				85E21D4A2BC7CD830011AF5E /* JSONParser.swift in Sources */,
				850D6CD42BB986D90010DEC4 /* StartingView.swift in Sources */,
				850D6CBD2BB985B90010DEC4 /* StartingViewController.swift in Sources */,
				85E21D3B2BC7B9B70011AF5E /* StorageViewController.swift in Sources */,
				85E21D3E2BC7B9FB0011AF5E /* CompassViewController.swift in Sources */,
				85E21D382BC7B91B0011AF5E /* HomeTabBarController.swift in Sources */,
				85E21D632BC832410011AF5E /* SmsViewController.swift in Sources */,
				852872B82BBC09DD0062F434 /* AutorizationView.swift in Sources */,
				852872BA2BBC12260062F434 /* AutorizationViewController.swift in Sources */,
				85E21D2D2BC7B8160011AF5E /* HomeViewController.swift in Sources */,
				850D6CB92BB985B90010DEC4 /* AppDelegate.swift in Sources */,
				85E21D312BC7B8360011AF5E /* HomeCollectionViewCell.swift in Sources */,
				850D6CBB2BB985B90010DEC4 /* SceneDelegate.swift in Sources */,
				85E21D4D2BC7CE170011AF5E /* Person.swift in Sources */,
				85E21D652BC838660011AF5E /* SmsView.swift in Sources */,
				85E21D2B2BC7B8030011AF5E /* HomeModel.swift in Sources */,
				85E21D352BC7B8E60011AF5E /* TopCollectionViewCell.swift in Sources */,
				850D6CD02BB986200010DEC4 /* Extension + uicolor.swift in Sources */,
				85E21D442BC7BC3C0011AF5E /* ScannerViewController.swift in Sources */,
			);
			runOnlyForDeploymentPostprocessing = 0;
		};
/* End PBXSourcesBuildPhase section */

/* Begin PBXVariantGroup section */
		850D6CC32BB985BA0010DEC4 /* LaunchScreen.storyboard */ = {
			isa = PBXVariantGroup;
			children = (
				850D6CC42BB985BA0010DEC4 /* Base */,
			);
			name = LaunchScreen.storyboard;
			sourceTree = "<group>";
		};
/* End PBXVariantGroup section */

/* Begin XCBuildConfiguration section */
		850D6CC72BB985BA0010DEC4 /* Debug */ = {
			isa = XCBuildConfiguration;
			buildSettings = {
				ALWAYS_SEARCH_USER_PATHS = NO;
				ASSETCATALOG_COMPILER_GENERATE_SWIFT_ASSET_SYMBOL_EXTENSIONS = YES;
				CLANG_ANALYZER_NONNULL = YES;
				CLANG_ANALYZER_NUMBER_OBJECT_CONVERSION = YES_AGGRESSIVE;
				CLANG_CXX_LANGUAGE_STANDARD = "gnu++20";
				CLANG_ENABLE_MODULES = YES;
				CLANG_ENABLE_OBJC_ARC = YES;
				CLANG_ENABLE_OBJC_WEAK = YES;
				CLANG_WARN_BLOCK_CAPTURE_AUTORELEASING = YES;
				CLANG_WARN_BOOL_CONVERSION = YES;
				CLANG_WARN_COMMA = YES;
				CLANG_WARN_CONSTANT_CONVERSION = YES;
				CLANG_WARN_DEPRECATED_OBJC_IMPLEMENTATIONS = YES;
				CLANG_WARN_DIRECT_OBJC_ISA_USAGE = YES_ERROR;
				CLANG_WARN_DOCUMENTATION_COMMENTS = YES;
				CLANG_WARN_EMPTY_BODY = YES;
				CLANG_WARN_ENUM_CONVERSION = YES;
				CLANG_WARN_INFINITE_RECURSION = YES;
				CLANG_WARN_INT_CONVERSION = YES;
				CLANG_WARN_NON_LITERAL_NULL_CONVERSION = YES;
				CLANG_WARN_OBJC_IMPLICIT_RETAIN_SELF = YES;
				CLANG_WARN_OBJC_LITERAL_CONVERSION = YES;
				CLANG_WARN_OBJC_ROOT_CLASS = YES_ERROR;
				CLANG_WARN_QUOTED_INCLUDE_IN_FRAMEWORK_HEADER = YES;
				CLANG_WARN_RANGE_LOOP_ANALYSIS = YES;
				CLANG_WARN_STRICT_PROTOTYPES = YES;
				CLANG_WARN_SUSPICIOUS_MOVE = YES;
				CLANG_WARN_UNGUARDED_AVAILABILITY = YES_AGGRESSIVE;
				CLANG_WARN_UNREACHABLE_CODE = YES;
				CLANG_WARN__DUPLICATE_METHOD_MATCH = YES;
				COPY_PHASE_STRIP = NO;
				DEBUG_INFORMATION_FORMAT = dwarf;
				ENABLE_STRICT_OBJC_MSGSEND = YES;
				ENABLE_TESTABILITY = YES;
				ENABLE_USER_SCRIPT_SANDBOXING = YES;
				GCC_C_LANGUAGE_STANDARD = gnu17;
				GCC_DYNAMIC_NO_PIC = NO;
				GCC_NO_COMMON_BLOCKS = YES;
				GCC_OPTIMIZATION_LEVEL = 0;
				GCC_PREPROCESSOR_DEFINITIONS = (
					"DEBUG=1",
					"$(inherited)",
				);
				GCC_WARN_64_TO_32_BIT_CONVERSION = YES;
				GCC_WARN_ABOUT_RETURN_TYPE = YES_ERROR;
				GCC_WARN_UNDECLARED_SELECTOR = YES;
				GCC_WARN_UNINITIALIZED_AUTOS = YES_AGGRESSIVE;
				GCC_WARN_UNUSED_FUNCTION = YES;
				GCC_WARN_UNUSED_VARIABLE = YES;
				IPHONEOS_DEPLOYMENT_TARGET = 17.2;
				LOCALIZATION_PREFERS_STRING_CATALOGS = YES;
				MTL_ENABLE_DEBUG_INFO = INCLUDE_SOURCE;
				MTL_FAST_MATH = YES;
				ONLY_ACTIVE_ARCH = YES;
				SDKROOT = iphoneos;
				SWIFT_ACTIVE_COMPILATION_CONDITIONS = "DEBUG $(inherited)";
				SWIFT_OPTIMIZATION_LEVEL = "-Onone";
			};
			name = Debug;
		};
		850D6CC82BB985BA0010DEC4 /* Release */ = {
			isa = XCBuildConfiguration;
			buildSettings = {
				ALWAYS_SEARCH_USER_PATHS = NO;
				ASSETCATALOG_COMPILER_GENERATE_SWIFT_ASSET_SYMBOL_EXTENSIONS = YES;
				CLANG_ANALYZER_NONNULL = YES;
				CLANG_ANALYZER_NUMBER_OBJECT_CONVERSION = YES_AGGRESSIVE;
				CLANG_CXX_LANGUAGE_STANDARD = "gnu++20";
				CLANG_ENABLE_MODULES = YES;
				CLANG_ENABLE_OBJC_ARC = YES;
				CLANG_ENABLE_OBJC_WEAK = YES;
				CLANG_WARN_BLOCK_CAPTURE_AUTORELEASING = YES;
				CLANG_WARN_BOOL_CONVERSION = YES;
				CLANG_WARN_COMMA = YES;
				CLANG_WARN_CONSTANT_CONVERSION = YES;
				CLANG_WARN_DEPRECATED_OBJC_IMPLEMENTATIONS = YES;
				CLANG_WARN_DIRECT_OBJC_ISA_USAGE = YES_ERROR;
				CLANG_WARN_DOCUMENTATION_COMMENTS = YES;
				CLANG_WARN_EMPTY_BODY = YES;
				CLANG_WARN_ENUM_CONVERSION = YES;
				CLANG_WARN_INFINITE_RECURSION = YES;
				CLANG_WARN_INT_CONVERSION = YES;
				CLANG_WARN_NON_LITERAL_NULL_CONVERSION = YES;
				CLANG_WARN_OBJC_IMPLICIT_RETAIN_SELF = YES;
				CLANG_WARN_OBJC_LITERAL_CONVERSION = YES;
				CLANG_WARN_OBJC_ROOT_CLASS = YES_ERROR;
				CLANG_WARN_QUOTED_INCLUDE_IN_FRAMEWORK_HEADER = YES;
				CLANG_WARN_RANGE_LOOP_ANALYSIS = YES;
				CLANG_WARN_STRICT_PROTOTYPES = YES;
				CLANG_WARN_SUSPICIOUS_MOVE = YES;
				CLANG_WARN_UNGUARDED_AVAILABILITY = YES_AGGRESSIVE;
				CLANG_WARN_UNREACHABLE_CODE = YES;
				CLANG_WARN__DUPLICATE_METHOD_MATCH = YES;
				COPY_PHASE_STRIP = NO;
				DEBUG_INFORMATION_FORMAT = "dwarf-with-dsym";
				ENABLE_NS_ASSERTIONS = NO;
				ENABLE_STRICT_OBJC_MSGSEND = YES;
				ENABLE_USER_SCRIPT_SANDBOXING = YES;
				GCC_C_LANGUAGE_STANDARD = gnu17;
				GCC_NO_COMMON_BLOCKS = YES;
				GCC_WARN_64_TO_32_BIT_CONVERSION = YES;
				GCC_WARN_ABOUT_RETURN_TYPE = YES_ERROR;
				GCC_WARN_UNDECLARED_SELECTOR = YES;
				GCC_WARN_UNINITIALIZED_AUTOS = YES_AGGRESSIVE;
				GCC_WARN_UNUSED_FUNCTION = YES;
				GCC_WARN_UNUSED_VARIABLE = YES;
				IPHONEOS_DEPLOYMENT_TARGET = 17.2;
				LOCALIZATION_PREFERS_STRING_CATALOGS = YES;
				MTL_ENABLE_DEBUG_INFO = NO;
				MTL_FAST_MATH = YES;
				SDKROOT = iphoneos;
				SWIFT_COMPILATION_MODE = wholemodule;
				VALIDATE_PRODUCT = YES;
			};
			name = Release;
		};
		850D6CCA2BB985BA0010DEC4 /* Debug */ = {
			isa = XCBuildConfiguration;
			buildSettings = {
				ASSETCATALOG_COMPILER_APPICON_NAME = AppIcon;
				ASSETCATALOG_COMPILER_GLOBAL_ACCENT_COLOR_NAME = AccentColor;
				CODE_SIGN_STYLE = Automatic;
				CURRENT_PROJECT_VERSION = 1;
				GENERATE_INFOPLIST_FILE = YES;
				INFOPLIST_FILE = myCoffeeHouseProject/Info.plist;
				INFOPLIST_KEY_UIApplicationSupportsIndirectInputEvents = YES;
				INFOPLIST_KEY_UILaunchStoryboardName = LaunchScreen;
				INFOPLIST_KEY_UISupportedInterfaceOrientations_iPad = "UIInterfaceOrientationPortrait UIInterfaceOrientationPortraitUpsideDown UIInterfaceOrientationLandscapeLeft UIInterfaceOrientationLandscapeRight";
				INFOPLIST_KEY_UISupportedInterfaceOrientations_iPhone = "UIInterfaceOrientationPortrait UIInterfaceOrientationLandscapeLeft UIInterfaceOrientationLandscapeRight";
				LD_RUNPATH_SEARCH_PATHS = (
					"$(inherited)",
					"@executable_path/Frameworks",
				);
				MARKETING_VERSION = 1.0;
				PRODUCT_BUNDLE_IDENTIFIER = nurtilek.com.myCoffeeHouseProject;
				PRODUCT_NAME = "$(TARGET_NAME)";
				SWIFT_EMIT_LOC_STRINGS = YES;
				SWIFT_VERSION = 5.0;
				TARGETED_DEVICE_FAMILY = "1,2";
			};
			name = Debug;
		};
		850D6CCB2BB985BA0010DEC4 /* Release */ = {
			isa = XCBuildConfiguration;
			buildSettings = {
				ASSETCATALOG_COMPILER_APPICON_NAME = AppIcon;
				ASSETCATALOG_COMPILER_GLOBAL_ACCENT_COLOR_NAME = AccentColor;
				CODE_SIGN_STYLE = Automatic;
				CURRENT_PROJECT_VERSION = 1;
				GENERATE_INFOPLIST_FILE = YES;
				INFOPLIST_FILE = myCoffeeHouseProject/Info.plist;
				INFOPLIST_KEY_UIApplicationSupportsIndirectInputEvents = YES;
				INFOPLIST_KEY_UILaunchStoryboardName = LaunchScreen;
				INFOPLIST_KEY_UISupportedInterfaceOrientations_iPad = "UIInterfaceOrientationPortrait UIInterfaceOrientationPortraitUpsideDown UIInterfaceOrientationLandscapeLeft UIInterfaceOrientationLandscapeRight";
				INFOPLIST_KEY_UISupportedInterfaceOrientations_iPhone = "UIInterfaceOrientationPortrait UIInterfaceOrientationLandscapeLeft UIInterfaceOrientationLandscapeRight";
				LD_RUNPATH_SEARCH_PATHS = (
					"$(inherited)",
					"@executable_path/Frameworks",
				);
				MARKETING_VERSION = 1.0;
				PRODUCT_BUNDLE_IDENTIFIER = nurtilek.com.myCoffeeHouseProject;
				PRODUCT_NAME = "$(TARGET_NAME)";
				SWIFT_EMIT_LOC_STRINGS = YES;
				SWIFT_VERSION = 5.0;
				TARGETED_DEVICE_FAMILY = "1,2";
			};
			name = Release;
		};
/* End XCBuildConfiguration section */

/* Begin XCConfigurationList section */
		850D6CB02BB985B90010DEC4 /* Build configuration list for PBXProject "myCoffeeHouseProject" */ = {
			isa = XCConfigurationList;
			buildConfigurations = (
				850D6CC72BB985BA0010DEC4 /* Debug */,
				850D6CC82BB985BA0010DEC4 /* Release */,
			);
			defaultConfigurationIsVisible = 0;
			defaultConfigurationName = Release;
		};
		850D6CC92BB985BA0010DEC4 /* Build configuration list for PBXNativeTarget "myCoffeeHouseProject" */ = {
			isa = XCConfigurationList;
			buildConfigurations = (
				850D6CCA2BB985BA0010DEC4 /* Debug */,
				850D6CCB2BB985BA0010DEC4 /* Release */,
			);
			defaultConfigurationIsVisible = 0;
			defaultConfigurationName = Release;
		};
/* End XCConfigurationList section */
	};
	rootObject = 850D6CAD2BB985B90010DEC4 /* Project object */;
}
